
Microsoft Visual Studio Solution File, Format Version 12.00
# Visual Studio 15
VisualStudioVersion = 15.0.27004.2005
MinimumVisualStudioVersion = 10.0.40219.1
Project("{FAE04EC0-301F-11D3-BF4B-00C04F79EFBC}") = "DadosEDesventura.BancoDeDados", "DadosEDesventura.BandoDeDados\DadosEDesventura.BancoDeDados.csproj", "{447803D8-BB0E-464A-BE6E-BFCE2756AD58}"
EndProject
Project("{FAE04EC0-301F-11D3-BF4B-00C04F79EFBC}") = "DadosEDesventuras.Web", "DadosEDesventuras.Web\DadosEDesventuras.Web.csproj", "{BC54F5E4-7DC6-40F0-80B6-AE23BD7A58B8}"
EndProject
Global
	GlobalSection(SolutionConfigurationPlatforms) = preSolution
		Debug|Any CPU = Debug|Any CPU
		Release|Any CPU = Release|Any CPU
	EndGlobalSection
	GlobalSection(ProjectConfigurationPlatforms) = postSolution
		{447803D8-BB0E-464A-BE6E-BFCE2756AD58}.Debug|Any CPU.ActiveCfg = Debug|Any CPU
		{447803D8-BB0E-464A-BE6E-BFCE2756AD58}.Debug|Any CPU.Build.0 = Debug|Any CPU
		{447803D8-BB0E-464A-BE6E-BFCE2756AD58}.Release|Any CPU.ActiveCfg = Release|Any CPU
		{447803D8-BB0E-464A-BE6E-BFCE2756AD58}.Release|Any CPU.Build.0 = Release|Any CPU
		{BC54F5E4-7DC6-40F0-80B6-AE23BD7A58B8}.Debug|Any CPU.ActiveCfg = Debug|Any CPU
		{BC54F5E4-7DC6-40F0-80B6-AE23BD7A58B8}.Debug|Any CPU.Build.0 = Debug|Any CPU
		{BC54F5E4-7DC6-40F0-80B6-AE23BD7A58B8}.Release|Any CPU.ActiveCfg = Release|Any CPU
		{BC54F5E4-7DC6-40F0-80B6-AE23BD7A58B8}.Release|Any CPU.Build.0 = Release|Any CPU
	EndGlobalSection
	GlobalSection(SolutionProperties) = preSolution
		HideSolutionNode = FALSE
	EndGlobalSection
	GlobalSection(ExtensibilityGlobals) = postSolution
		SolutionGuid = {306F7BB4-8C43-49CB-9606-0C878AB73CAE}
	EndGlobalSection
EndGlobal
